
Microsoft Visual Studio Solution File, Format Version 12.00
# Visual Studio Version 17
VisualStudioVersion = 17.11.35303.130
MinimumVisualStudioVersion = 10.0.40219.1
Project("{9A19103F-16F7-4668-BE54-9A1E7A4F7556}") = "Forge", "Forge\Forge.csproj", "{A494A1D0-9355-4CEB-9F9D-100A0477E36F}"
EndProject
Project("{2150E333-8FDC-42A3-9474-1A3956D46DE8}") = "Solution Items", "Solution Items", "{00FFFD7A-9C1F-41D5-B270-2E2BE7F70FED}"
	ProjectSection(SolutionItems) = preProject
		.editorconfig = .editorconfig
		.gitattributes = .gitattributes
		.gitignore = .gitignore
		Directory.Build.props = Directory.Build.props
		global.json = global.json
		LICENSE = LICENSE
		README.md = README.md
	EndProjectSection
EndProject
Project("{9A19103F-16F7-4668-BE54-9A1E7A4F7556}") = "Forge.Tests", "Forge.Tests\Forge.Tests.csproj", "{AFF633E2-59FC-4134-9090-11E04759ACCD}"
EndProject
Global
	GlobalSection(SolutionConfigurationPlatforms) = preSolution
		Debug|Any CPU = Debug|Any CPU
		Release|Any CPU = Release|Any CPU
	EndGlobalSection
	GlobalSection(ProjectConfigurationPlatforms) = postSolution
		{A494A1D0-9355-4CEB-9F9D-100A0477E36F}.Debug|Any CPU.ActiveCfg = Debug|Any CPU
		{A494A1D0-9355-4CEB-9F9D-100A0477E36F}.Debug|Any CPU.Build.0 = Debug|Any CPU
		{A494A1D0-9355-4CEB-9F9D-100A0477E36F}.Release|Any CPU.ActiveCfg = Release|Any CPU
		{A494A1D0-9355-4CEB-9F9D-100A0477E36F}.Release|Any CPU.Build.0 = Release|Any CPU
		{AFF633E2-59FC-4134-9090-11E04759ACCD}.Debug|Any CPU.ActiveCfg = Debug|Any CPU
		{AFF633E2-59FC-4134-9090-11E04759ACCD}.Debug|Any CPU.Build.0 = Debug|Any CPU
		{AFF633E2-59FC-4134-9090-11E04759ACCD}.Release|Any CPU.ActiveCfg = Release|Any CPU
		{AFF633E2-59FC-4134-9090-11E04759ACCD}.Release|Any CPU.Build.0 = Release|Any CPU
	EndGlobalSection
	GlobalSection(SolutionProperties) = preSolution
		HideSolutionNode = FALSE
	EndGlobalSection
	GlobalSection(ExtensibilityGlobals) = postSolution
		SolutionGuid = {E3A08099-B336-49EB-B289-336934AE6022}
	EndGlobalSection
EndGlobal
